// !$*UTF8*$!
{
	archiveVersion = 1;
	classes = {
	};
	objectVersion = 55;
	objects = {

/* Begin PBXBuildFile section */
		652D1AD2289DA480004ECC05 /* HomeHeader.xib in Resources */ = {isa = PBXBuildFile; fileRef = 652D1AD1289DA480004ECC05 /* HomeHeader.xib */; };
		652D1AD4289DC0E9004ECC05 /* HomeHeader.swift in Sources */ = {isa = PBXBuildFile; fileRef = 652D1AD3289DC0E9004ECC05 /* HomeHeader.swift */; };
		652D1AD8289EA11D004ECC05 /* UIView+.swift in Sources */ = {isa = PBXBuildFile; fileRef = 652D1AD7289EA11D004ECC05 /* UIView+.swift */; };
		652D1ADC289EB980004ECC05 /* String+.swift in Sources */ = {isa = PBXBuildFile; fileRef = 652D1ADB289EB980004ECC05 /* String+.swift */; };
		654037A7289C700E00BF3985 /* AppDelegate.swift in Sources */ = {isa = PBXBuildFile; fileRef = 654037A6289C700E00BF3985 /* AppDelegate.swift */; };
		654037A9289C700E00BF3985 /* SceneDelegate.swift in Sources */ = {isa = PBXBuildFile; fileRef = 654037A8289C700E00BF3985 /* SceneDelegate.swift */; };
		654037AB289C700E00BF3985 /* ViewController.swift in Sources */ = {isa = PBXBuildFile; fileRef = 654037AA289C700E00BF3985 /* ViewController.swift */; };
		654037AE289C700E00BF3985 /* Main.storyboard in Resources */ = {isa = PBXBuildFile; fileRef = 654037AC289C700E00BF3985 /* Main.storyboard */; };
		654037B1289C700E00BF3985 /* NewsApp.xcdatamodeld in Sources */ = {isa = PBXBuildFile; fileRef = 654037AF289C700E00BF3985 /* NewsApp.xcdatamodeld */; };
		654037B3289C701100BF3985 /* Assets.xcassets in Resources */ = {isa = PBXBuildFile; fileRef = 654037B2289C701100BF3985 /* Assets.xcassets */; };
		654037B6289C701100BF3985 /* LaunchScreen.storyboard in Resources */ = {isa = PBXBuildFile; fileRef = 654037B4289C701100BF3985 /* LaunchScreen.storyboard */; };
		654037C1289C701100BF3985 /* NewsAppTests.swift in Sources */ = {isa = PBXBuildFile; fileRef = 654037C0289C701100BF3985 /* NewsAppTests.swift */; };
		654037CB289C701100BF3985 /* NewsAppUITests.swift in Sources */ = {isa = PBXBuildFile; fileRef = 654037CA289C701100BF3985 /* NewsAppUITests.swift */; };
		654037CD289C701100BF3985 /* NewsAppUITestsLaunchTests.swift in Sources */ = {isa = PBXBuildFile; fileRef = 654037CC289C701100BF3985 /* NewsAppUITestsLaunchTests.swift */; };
		654037DF289C89C400BF3985 /* NewsTableViewCell.swift in Sources */ = {isa = PBXBuildFile; fileRef = 654037DD289C89C400BF3985 /* NewsTableViewCell.swift */; };
		654037E0289C89C400BF3985 /* NewsTableViewCell.xib in Resources */ = {isa = PBXBuildFile; fileRef = 654037DE289C89C400BF3985 /* NewsTableViewCell.xib */; };
		654037E6289C8D7900BF3985 /* Service.swift in Sources */ = {isa = PBXBuildFile; fileRef = 654037E5289C8D7900BF3985 /* Service.swift */; };
		654037EA289C92C300BF3985 /* UIImageView+.swift in Sources */ = {isa = PBXBuildFile; fileRef = 654037E9289C92C300BF3985 /* UIImageView+.swift */; };
		654037ED289D45C000BF3985 /* WebViewController.swift in Sources */ = {isa = PBXBuildFile; fileRef = 654037EC289D45C000BF3985 /* WebViewController.swift */; };
/* End PBXBuildFile section */

/* Begin PBXContainerItemProxy section */
		654037BD289C701100BF3985 /* PBXContainerItemProxy */ = {
			isa = PBXContainerItemProxy;
			containerPortal = 6540379B289C700E00BF3985 /* Project object */;
			proxyType = 1;
			remoteGlobalIDString = 654037A2289C700E00BF3985;
			remoteInfo = NewsApp;
		};
		654037C7289C701100BF3985 /* PBXContainerItemProxy */ = {
			isa = PBXContainerItemProxy;
			containerPortal = 6540379B289C700E00BF3985 /* Project object */;
			proxyType = 1;
			remoteGlobalIDString = 654037A2289C700E00BF3985;
			remoteInfo = NewsApp;
		};
/* End PBXContainerItemProxy section */

/* Begin PBXFileReference section */
		652D1AD1289DA480004ECC05 /* HomeHeader.xib */ = {isa = PBXFileReference; lastKnownFileType = file.xib; path = HomeHeader.xib; sourceTree = "<group>"; };
		652D1AD3289DC0E9004ECC05 /* HomeHeader.swift */ = {isa = PBXFileReference; lastKnownFileType = sourcecode.swift; path = HomeHeader.swift; sourceTree = "<group>"; };
		652D1AD7289EA11D004ECC05 /* UIView+.swift */ = {isa = PBXFileReference; fileEncoding = 4; lastKnownFileType = sourcecode.swift; path = "UIView+.swift"; sourceTree = "<group>"; };
		652D1ADB289EB980004ECC05 /* String+.swift */ = {isa = PBXFileReference; lastKnownFileType = sourcecode.swift; path = "String+.swift"; sourceTree = "<group>"; };
		654037A3289C700E00BF3985 /* NewsApp.app */ = {isa = PBXFileReference; explicitFileType = wrapper.application; includeInIndex = 0; path = NewsApp.app; sourceTree = BUILT_PRODUCTS_DIR; };
		654037A6289C700E00BF3985 /* AppDelegate.swift */ = {isa = PBXFileReference; lastKnownFileType = sourcecode.swift; path = AppDelegate.swift; sourceTree = "<group>"; };
		654037A8289C700E00BF3985 /* SceneDelegate.swift */ = {isa = PBXFileReference; lastKnownFileType = sourcecode.swift; path = SceneDelegate.swift; sourceTree = "<group>"; };
		654037AA289C700E00BF3985 /* ViewController.swift */ = {isa = PBXFileReference; lastKnownFileType = sourcecode.swift; path = ViewController.swift; sourceTree = "<group>"; };
		654037AD289C700E00BF3985 /* Base */ = {isa = PBXFileReference; lastKnownFileType = file.storyboard; name = Base; path = Base.lproj/Main.storyboard; sourceTree = "<group>"; };
		654037B0289C700E00BF3985 /* NewsApp.xcdatamodel */ = {isa = PBXFileReference; lastKnownFileType = wrapper.xcdatamodel; path = NewsApp.xcdatamodel; sourceTree = "<group>"; };
		654037B2289C701100BF3985 /* Assets.xcassets */ = {isa = PBXFileReference; lastKnownFileType = folder.assetcatalog; path = Assets.xcassets; sourceTree = "<group>"; };
		654037B5289C701100BF3985 /* Base */ = {isa = PBXFileReference; lastKnownFileType = file.storyboard; name = Base; path = Base.lproj/LaunchScreen.storyboard; sourceTree = "<group>"; };
		654037B7289C701100BF3985 /* Info.plist */ = {isa = PBXFileReference; lastKnownFileType = text.plist.xml; path = Info.plist; sourceTree = "<group>"; };
		654037BC289C701100BF3985 /* NewsAppTests.xctest */ = {isa = PBXFileReference; explicitFileType = wrapper.cfbundle; includeInIndex = 0; path = NewsAppTests.xctest; sourceTree = BUILT_PRODUCTS_DIR; };
		654037C0289C701100BF3985 /* NewsAppTests.swift */ = {isa = PBXFileReference; lastKnownFileType = sourcecode.swift; path = NewsAppTests.swift; sourceTree = "<group>"; };
		654037C6289C701100BF3985 /* NewsAppUITests.xctest */ = {isa = PBXFileReference; explicitFileType = wrapper.cfbundle; includeInIndex = 0; path = NewsAppUITests.xctest; sourceTree = BUILT_PRODUCTS_DIR; };
		654037CA289C701100BF3985 /* NewsAppUITests.swift */ = {isa = PBXFileReference; lastKnownFileType = sourcecode.swift; path = NewsAppUITests.swift; sourceTree = "<group>"; };
		654037CC289C701100BF3985 /* NewsAppUITestsLaunchTests.swift */ = {isa = PBXFileReference; lastKnownFileType = sourcecode.swift; path = NewsAppUITestsLaunchTests.swift; sourceTree = "<group>"; };
		654037DD289C89C400BF3985 /* NewsTableViewCell.swift */ = {isa = PBXFileReference; lastKnownFileType = sourcecode.swift; path = NewsTableViewCell.swift; sourceTree = "<group>"; };
		654037DE289C89C400BF3985 /* NewsTableViewCell.xib */ = {isa = PBXFileReference; lastKnownFileType = file.xib; path = NewsTableViewCell.xib; sourceTree = "<group>"; };
		654037E5289C8D7900BF3985 /* Service.swift */ = {isa = PBXFileReference; lastKnownFileType = sourcecode.swift; path = Service.swift; sourceTree = "<group>"; };
		654037E9289C92C300BF3985 /* UIImageView+.swift */ = {isa = PBXFileReference; lastKnownFileType = sourcecode.swift; path = "UIImageView+.swift"; sourceTree = "<group>"; };
		654037EC289D45C000BF3985 /* WebViewController.swift */ = {isa = PBXFileReference; lastKnownFileType = sourcecode.swift; path = WebViewController.swift; sourceTree = "<group>"; };
/* End PBXFileReference section */

/* Begin PBXFrameworksBuildPhase section */
		654037A0289C700E00BF3985 /* Frameworks */ = {
			isa = PBXFrameworksBuildPhase;
			buildActionMask = 2147483647;
			files = (
			);
			runOnlyForDeploymentPostprocessing = 0;
		};
		654037B9289C701100BF3985 /* Frameworks */ = {
			isa = PBXFrameworksBuildPhase;
			buildActionMask = 2147483647;
			files = (
			);
			runOnlyForDeploymentPostprocessing = 0;
		};
		654037C3289C701100BF3985 /* Frameworks */ = {
			isa = PBXFrameworksBuildPhase;
			buildActionMask = 2147483647;
			files = (
			);
			runOnlyForDeploymentPostprocessing = 0;
		};
/* End PBXFrameworksBuildPhase section */

/* Begin PBXGroup section */
		652D1AD0289DA432004ECC05 /* Header */ = {
			isa = PBXGroup;
			children = (
				652D1AD1289DA480004ECC05 /* HomeHeader.xib */,
				652D1AD3289DC0E9004ECC05 /* HomeHeader.swift */,
			);
			path = Header;
			sourceTree = "<group>";
		};
		652D1ADE289F217F004ECC05 /* Main */ = {
			isa = PBXGroup;
			children = (
				654037EC289D45C000BF3985 /* WebViewController.swift */,
				654037AA289C700E00BF3985 /* ViewController.swift */,
				654037AC289C700E00BF3985 /* Main.storyboard */,
			);
			path = Main;
			sourceTree = "<group>";
		};
		6540379A289C700E00BF3985 = {
			isa = PBXGroup;
			children = (
				654037A5289C700E00BF3985 /* NewsApp */,
				654037BF289C701100BF3985 /* NewsAppTests */,
				654037C9289C701100BF3985 /* NewsAppUITests */,
				654037A4289C700E00BF3985 /* Products */,
			);
			sourceTree = "<group>";
		};
		654037A4289C700E00BF3985 /* Products */ = {
			isa = PBXGroup;
			children = (
				654037A3289C700E00BF3985 /* NewsApp.app */,
				654037BC289C701100BF3985 /* NewsAppTests.xctest */,
				654037C6289C701100BF3985 /* NewsAppUITests.xctest */,
			);
			name = Products;
			sourceTree = "<group>";
		};
		654037A5289C700E00BF3985 /* NewsApp */ = {
			isa = PBXGroup;
			children = (
				654037E1289C89CE00BF3985 /* AppDelegate */,
				654037E8289C92AD00BF3985 /* Extensions */,
				654037E2289C89DC00BF3985 /* Model */,
				654037E3289C89E200BF3985 /* View */,
				654037B2289C701100BF3985 /* Assets.xcassets */,
				654037B4289C701100BF3985 /* LaunchScreen.storyboard */,
				654037B7289C701100BF3985 /* Info.plist */,
				654037AF289C700E00BF3985 /* NewsApp.xcdatamodeld */,
			);
			path = NewsApp;
			sourceTree = "<group>";
		};
		654037BF289C701100BF3985 /* NewsAppTests */ = {
			isa = PBXGroup;
			children = (
				654037C0289C701100BF3985 /* NewsAppTests.swift */,
			);
			path = NewsAppTests;
			sourceTree = "<group>";
		};
		654037C9289C701100BF3985 /* NewsAppUITests */ = {
			isa = PBXGroup;
			children = (
				654037CA289C701100BF3985 /* NewsAppUITests.swift */,
				654037CC289C701100BF3985 /* NewsAppUITestsLaunchTests.swift */,
			);
			path = NewsAppUITests;
			sourceTree = "<group>";
		};
		654037E1289C89CE00BF3985 /* AppDelegate */ = {
			isa = PBXGroup;
			children = (
				654037A6289C700E00BF3985 /* AppDelegate.swift */,
				654037A8289C700E00BF3985 /* SceneDelegate.swift */,
			);
			path = AppDelegate;
			sourceTree = "<group>";
		};
		654037E2289C89DC00BF3985 /* Model */ = {
			isa = PBXGroup;
			children = (
				654037E7289C8D8100BF3985 /* Service */,
			);
			path = Model;
			sourceTree = "<group>";
		};
		654037E3289C89E200BF3985 /* View */ = {
			isa = PBXGroup;
			children = (
				652D1ADE289F217F004ECC05 /* Main */,
				652D1AD0289DA432004ECC05 /* Header */,
				654037E4289C8A0100BF3985 /* Cells */,
			);
			path = View;
			sourceTree = "<group>";
		};
		654037E4289C8A0100BF3985 /* Cells */ = {
			isa = PBXGroup;
			children = (
				654037DD289C89C400BF3985 /* NewsTableViewCell.swift */,
				654037DE289C89C400BF3985 /* NewsTableViewCell.xib */,
			);
			path = Cells;
			sourceTree = "<group>";
		};
		654037E7289C8D8100BF3985 /* Service */ = {
			isa = PBXGroup;
			children = (
				654037E5289C8D7900BF3985 /* Service.swift */,
			);
			path = Service;
			sourceTree = "<group>";
		};
		654037E8289C92AD00BF3985 /* Extensions */ = {
			isa = PBXGroup;
			children = (
				654037E9289C92C300BF3985 /* UIImageView+.swift */,
				652D1AD7289EA11D004ECC05 /* UIView+.swift */,
				652D1ADB289EB980004ECC05 /* String+.swift */,
			);
			path = Extensions;
			sourceTree = "<group>";
		};
/* End PBXGroup section */

/* Begin PBXNativeTarget section */
		654037A2289C700E00BF3985 /* NewsApp */ = {
			isa = PBXNativeTarget;
			buildConfigurationList = 654037D0289C701100BF3985 /* Build configuration list for PBXNativeTarget "NewsApp" */;
			buildPhases = (
				6540379F289C700E00BF3985 /* Sources */,
				654037A0289C700E00BF3985 /* Frameworks */,
				654037A1289C700E00BF3985 /* Resources */,
			);
			buildRules = (
			);
			dependencies = (
			);
			name = NewsApp;
			productName = NewsApp;
			productReference = 654037A3289C700E00BF3985 /* NewsApp.app */;
			productType = "com.apple.product-type.application";
		};
		654037BB289C701100BF3985 /* NewsAppTests */ = {
			isa = PBXNativeTarget;
			buildConfigurationList = 654037D3289C701100BF3985 /* Build configuration list for PBXNativeTarget "NewsAppTests" */;
			buildPhases = (
				654037B8289C701100BF3985 /* Sources */,
				654037B9289C701100BF3985 /* Frameworks */,
				654037BA289C701100BF3985 /* Resources */,
			);
			buildRules = (
			);
			dependencies = (
				654037BE289C701100BF3985 /* PBXTargetDependency */,
			);
			name = NewsAppTests;
			productName = NewsAppTests;
			productReference = 654037BC289C701100BF3985 /* NewsAppTests.xctest */;
			productType = "com.apple.product-type.bundle.unit-test";
		};
		654037C5289C701100BF3985 /* NewsAppUITests */ = {
			isa = PBXNativeTarget;
			buildConfigurationList = 654037D6289C701100BF3985 /* Build configuration list for PBXNativeTarget "NewsAppUITests" */;
			buildPhases = (
				654037C2289C701100BF3985 /* Sources */,
				654037C3289C701100BF3985 /* Frameworks */,
				654037C4289C701100BF3985 /* Resources */,
			);
			buildRules = (
			);
			dependencies = (
				654037C8289C701100BF3985 /* PBXTargetDependency */,
			);
			name = NewsAppUITests;
			productName = NewsAppUITests;
			productReference = 654037C6289C701100BF3985 /* NewsAppUITests.xctest */;
			productType = "com.apple.product-type.bundle.ui-testing";
		};
/* End PBXNativeTarget section */

/* Begin PBXProject section */
		6540379B289C700E00BF3985 /* Project object */ = {
			isa = PBXProject;
			attributes = {
				BuildIndependentTargetsInParallel = 1;
				LastSwiftUpdateCheck = 1330;
				LastUpgradeCheck = 1330;
				TargetAttributes = {
					654037A2289C700E00BF3985 = {
						CreatedOnToolsVersion = 13.3;
					};
					654037BB289C701100BF3985 = {
						CreatedOnToolsVersion = 13.3;
						TestTargetID = 654037A2289C700E00BF3985;
					};
					654037C5289C701100BF3985 = {
						CreatedOnToolsVersion = 13.3;
						TestTargetID = 654037A2289C700E00BF3985;
					};
				};
			};
			buildConfigurationList = 6540379E289C700E00BF3985 /* Build configuration list for PBXProject "NewsApp" */;
			compatibilityVersion = "Xcode 13.0";
			developmentRegion = en;
			hasScannedForEncodings = 0;
			knownRegions = (
				en,
				Base,
			);
			mainGroup = 6540379A289C700E00BF3985;
			productRefGroup = 654037A4289C700E00BF3985 /* Products */;
			projectDirPath = "";
			projectRoot = "";
			targets = (
				654037A2289C700E00BF3985 /* NewsApp */,
				654037BB289C701100BF3985 /* NewsAppTests */,
				654037C5289C701100BF3985 /* NewsAppUITests */,
			);
		};
/* End PBXProject section */

/* Begin PBXResourcesBuildPhase section */
		654037A1289C700E00BF3985 /* Resources */ = {
			isa = PBXResourcesBuildPhase;
			buildActionMask = 2147483647;
			files = (
				654037B6289C701100BF3985 /* LaunchScreen.storyboard in Resources */,
				652D1AD2289DA480004ECC05 /* HomeHeader.xib in Resources */,
				654037B3289C701100BF3985 /* Assets.xcassets in Resources */,
				654037E0289C89C400BF3985 /* NewsTableViewCell.xib in Resources */,
				654037AE289C700E00BF3985 /* Main.storyboard in Resources */,
			);
			runOnlyForDeploymentPostprocessing = 0;
		};
		654037BA289C701100BF3985 /* Resources */ = {
			isa = PBXResourcesBuildPhase;
			buildActionMask = 2147483647;
			files = (
			);
			runOnlyForDeploymentPostprocessing = 0;
		};
		654037C4289C701100BF3985 /* Resources */ = {
			isa = PBXResourcesBuildPhase;
			buildActionMask = 2147483647;
			files = (
			);
			runOnlyForDeploymentPostprocessing = 0;
		};
/* End PBXResourcesBuildPhase section */

/* Begin PBXSourcesBuildPhase section */
		6540379F289C700E00BF3985 /* Sources */ = {
			isa = PBXSourcesBuildPhase;
			buildActionMask = 2147483647;
			files = (
				654037AB289C700E00BF3985 /* ViewController.swift in Sources */,
				654037A7289C700E00BF3985 /* AppDelegate.swift in Sources */,
				654037EA289C92C300BF3985 /* UIImageView+.swift in Sources */,
				654037DF289C89C400BF3985 /* NewsTableViewCell.swift in Sources */,
				654037B1289C700E00BF3985 /* NewsApp.xcdatamodeld in Sources */,
				652D1AD4289DC0E9004ECC05 /* HomeHeader.swift in Sources */,
				654037A9289C700E00BF3985 /* SceneDelegate.swift in Sources */,
				652D1ADC289EB980004ECC05 /* String+.swift in Sources */,
				654037E6289C8D7900BF3985 /* Service.swift in Sources */,
				652D1AD8289EA11D004ECC05 /* UIView+.swift in Sources */,
				654037ED289D45C000BF3985 /* WebViewController.swift in Sources */,
			);
			runOnlyForDeploymentPostprocessing = 0;
		};
		654037B8289C701100BF3985 /* Sources */ = {
			isa = PBXSourcesBuildPhase;
			buildActionMask = 2147483647;
			files = (
				654037C1289C701100BF3985 /* NewsAppTests.swift in Sources */,
			);
			runOnlyForDeploymentPostprocessing = 0;
		};
		654037C2289C701100BF3985 /* Sources */ = {
			isa = PBXSourcesBuildPhase;
			buildActionMask = 2147483647;
			files = (
				654037CB289C701100BF3985 /* NewsAppUITests.swift in Sources */,
				654037CD289C701100BF3985 /* NewsAppUITestsLaunchTests.swift in Sources */,
			);
			runOnlyForDeploymentPostprocessing = 0;
		};
/* End PBXSourcesBuildPhase section */

/* Begin PBXTargetDependency section */
		654037BE289C701100BF3985 /* PBXTargetDependency */ = {
			isa = PBXTargetDependency;
			target = 654037A2289C700E00BF3985 /* NewsApp */;
			targetProxy = 654037BD289C701100BF3985 /* PBXContainerItemProxy */;
		};
		654037C8289C701100BF3985 /* PBXTargetDependency */ = {
			isa = PBXTargetDependency;
			target = 654037A2289C700E00BF3985 /* NewsApp */;
			targetProxy = 654037C7289C701100BF3985 /* PBXContainerItemProxy */;
		};
/* End PBXTargetDependency section */

/* Begin PBXVariantGroup section */
		654037AC289C700E00BF3985 /* Main.storyboard */ = {
			isa = PBXVariantGroup;
			children = (
				654037AD289C700E00BF3985 /* Base */,
			);
			name = Main.storyboard;
			sourceTree = "<group>";
		};
		654037B4289C701100BF3985 /* LaunchScreen.storyboard */ = {
			isa = PBXVariantGroup;
			children = (
				654037B5289C701100BF3985 /* Base */,
			);
			name = LaunchScreen.storyboard;
			sourceTree = "<group>";
		};
/* End PBXVariantGroup section */

/* Begin XCBuildConfiguration section */
		654037CE289C701100BF3985 /* Debug */ = {
			isa = XCBuildConfiguration;
			buildSettings = {
				ALWAYS_SEARCH_USER_PATHS = NO;
				CLANG_ANALYZER_NONNULL = YES;
				CLANG_ANALYZER_NUMBER_OBJECT_CONVERSION = YES_AGGRESSIVE;
				CLANG_CXX_LANGUAGE_STANDARD = "gnu++17";
				CLANG_ENABLE_MODULES = YES;
				CLANG_ENABLE_OBJC_ARC = YES;
				CLANG_ENABLE_OBJC_WEAK = YES;
				CLANG_WARN_BLOCK_CAPTURE_AUTORELEASING = YES;
				CLANG_WARN_BOOL_CONVERSION = YES;
				CLANG_WARN_COMMA = YES;
				CLANG_WARN_CONSTANT_CONVERSION = YES;
				CLANG_WARN_DEPRECATED_OBJC_IMPLEMENTATIONS = YES;
				CLANG_WARN_DIRECT_OBJC_ISA_USAGE = YES_ERROR;
				CLANG_WARN_DOCUMENTATION_COMMENTS = YES;
				CLANG_WARN_EMPTY_BODY = YES;
				CLANG_WARN_ENUM_CONVERSION = YES;
				CLANG_WARN_INFINITE_RECURSION = YES;
				CLANG_WARN_INT_CONVERSION = YES;
				CLANG_WARN_NON_LITERAL_NULL_CONVERSION = YES;
				CLANG_WARN_OBJC_IMPLICIT_RETAIN_SELF = YES;
				CLANG_WARN_OBJC_LITERAL_CONVERSION = YES;
				CLANG_WARN_OBJC_ROOT_CLASS = YES_ERROR;
				CLANG_WARN_QUOTED_INCLUDE_IN_FRAMEWORK_HEADER = YES;
				CLANG_WARN_RANGE_LOOP_ANALYSIS = YES;
				CLANG_WARN_STRICT_PROTOTYPES = YES;
				CLANG_WARN_SUSPICIOUS_MOVE = YES;
				CLANG_WARN_UNGUARDED_AVAILABILITY = YES_AGGRESSIVE;
				CLANG_WARN_UNREACHABLE_CODE = YES;
				CLANG_WARN__DUPLICATE_METHOD_MATCH = YES;
				COPY_PHASE_STRIP = NO;
				DEBUG_INFORMATION_FORMAT = dwarf;
				ENABLE_STRICT_OBJC_MSGSEND = YES;
				ENABLE_TESTABILITY = YES;
				GCC_C_LANGUAGE_STANDARD = gnu11;
				GCC_DYNAMIC_NO_PIC = NO;
				GCC_NO_COMMON_BLOCKS = YES;
				GCC_OPTIMIZATION_LEVEL = 0;
				GCC_PREPROCESSOR_DEFINITIONS = (
					"DEBUG=1",
					"$(inherited)",
				);
				GCC_WARN_64_TO_32_BIT_CONVERSION = YES;
				GCC_WARN_ABOUT_RETURN_TYPE = YES_ERROR;
				GCC_WARN_UNDECLARED_SELECTOR = YES;
				GCC_WARN_UNINITIALIZED_AUTOS = YES_AGGRESSIVE;
				GCC_WARN_UNUSED_FUNCTION = YES;
				GCC_WARN_UNUSED_VARIABLE = YES;
				IPHONEOS_DEPLOYMENT_TARGET = 15.4;
				MTL_ENABLE_DEBUG_INFO = INCLUDE_SOURCE;
				MTL_FAST_MATH = YES;
				ONLY_ACTIVE_ARCH = YES;
				SDKROOT = iphoneos;
				SWIFT_ACTIVE_COMPILATION_CONDITIONS = DEBUG;
				SWIFT_OPTIMIZATION_LEVEL = "-Onone";
			};
			name = Debug;
		};
		654037CF289C701100BF3985 /* Release */ = {
			isa = XCBuildConfiguration;
			buildSettings = {
				ALWAYS_SEARCH_USER_PATHS = NO;
				CLANG_ANALYZER_NONNULL = YES;
				CLANG_ANALYZER_NUMBER_OBJECT_CONVERSION = YES_AGGRESSIVE;
				CLANG_CXX_LANGUAGE_STANDARD = "gnu++17";
				CLANG_ENABLE_MODULES = YES;
				CLANG_ENABLE_OBJC_ARC = YES;
				CLANG_ENABLE_OBJC_WEAK = YES;
				CLANG_WARN_BLOCK_CAPTURE_AUTORELEASING = YES;
				CLANG_WARN_BOOL_CONVERSION = YES;
				CLANG_WARN_COMMA = YES;
				CLANG_WARN_CONSTANT_CONVERSION = YES;
				CLANG_WARN_DEPRECATED_OBJC_IMPLEMENTATIONS = YES;
				CLANG_WARN_DIRECT_OBJC_ISA_USAGE = YES_ERROR;
				CLANG_WARN_DOCUMENTATION_COMMENTS = YES;
				CLANG_WARN_EMPTY_BODY = YES;
				CLANG_WARN_ENUM_CONVERSION = YES;
				CLANG_WARN_INFINITE_RECURSION = YES;
				CLANG_WARN_INT_CONVERSION = YES;
				CLANG_WARN_NON_LITERAL_NULL_CONVERSION = YES;
				CLANG_WARN_OBJC_IMPLICIT_RETAIN_SELF = YES;
				CLANG_WARN_OBJC_LITERAL_CONVERSION = YES;
				CLANG_WARN_OBJC_ROOT_CLASS = YES_ERROR;
				CLANG_WARN_QUOTED_INCLUDE_IN_FRAMEWORK_HEADER = YES;
				CLANG_WARN_RANGE_LOOP_ANALYSIS = YES;
				CLANG_WARN_STRICT_PROTOTYPES = YES;
				CLANG_WARN_SUSPICIOUS_MOVE = YES;
				CLANG_WARN_UNGUARDED_AVAILABILITY = YES_AGGRESSIVE;
				CLANG_WARN_UNREACHABLE_CODE = YES;
				CLANG_WARN__DUPLICATE_METHOD_MATCH = YES;
				COPY_PHASE_STRIP = NO;
				DEBUG_INFORMATION_FORMAT = "dwarf-with-dsym";
				ENABLE_NS_ASSERTIONS = NO;
				ENABLE_STRICT_OBJC_MSGSEND = YES;
				GCC_C_LANGUAGE_STANDARD = gnu11;
				GCC_NO_COMMON_BLOCKS = YES;
				GCC_WARN_64_TO_32_BIT_CONVERSION = YES;
				GCC_WARN_ABOUT_RETURN_TYPE = YES_ERROR;
				GCC_WARN_UNDECLARED_SELECTOR = YES;
				GCC_WARN_UNINITIALIZED_AUTOS = YES_AGGRESSIVE;
				GCC_WARN_UNUSED_FUNCTION = YES;
				GCC_WARN_UNUSED_VARIABLE = YES;
				IPHONEOS_DEPLOYMENT_TARGET = 15.4;
				MTL_ENABLE_DEBUG_INFO = NO;
				MTL_FAST_MATH = YES;
				SDKROOT = iphoneos;
				SWIFT_COMPILATION_MODE = wholemodule;
				SWIFT_OPTIMIZATION_LEVEL = "-O";
				VALIDATE_PRODUCT = YES;
			};
			name = Release;
		};
		654037D1289C701100BF3985 /* Debug */ = {
			isa = XCBuildConfiguration;
			buildSettings = {
				ASSETCATALOG_COMPILER_APPICON_NAME = AppIcon;
				ASSETCATALOG_COMPILER_GLOBAL_ACCENT_COLOR_NAME = AccentColor;
				CODE_SIGN_STYLE = Automatic;
				CURRENT_PROJECT_VERSION = 1;
				DEVELOPMENT_TEAM = NTRW2Q55W3;
				GENERATE_INFOPLIST_FILE = YES;
				INFOPLIST_FILE = NewsApp/Info.plist;
				INFOPLIST_KEY_UIApplicationSupportsIndirectInputEvents = YES;
				INFOPLIST_KEY_UILaunchStoryboardName = LaunchScreen;
				INFOPLIST_KEY_UIMainStoryboardFile = Main;
				INFOPLIST_KEY_UISupportedInterfaceOrientations_iPad = "UIInterfaceOrientationPortrait UIInterfaceOrientationPortraitUpsideDown UIInterfaceOrientationLandscapeLeft UIInterfaceOrientationLandscapeRight";
				INFOPLIST_KEY_UISupportedInterfaceOrientations_iPhone = "UIInterfaceOrientationPortrait UIInterfaceOrientationLandscapeLeft UIInterfaceOrientationLandscapeRight";
				LD_RUNPATH_SEARCH_PATHS = (
					"$(inherited)",
					"@executable_path/Frameworks",
				);
				MARKETING_VERSION = 1.0;
				PRODUCT_BUNDLE_IDENTIFIER = com.gabrieldcc.NewsApp;
				PRODUCT_NAME = "$(TARGET_NAME)";
				SWIFT_EMIT_LOC_STRINGS = YES;
				SWIFT_VERSION = 5.0;
				TARGETED_DEVICE_FAMILY = "1,2";
			};
			name = Debug;
		};
		654037D2289C701100BF3985 /* Release */ = {
			isa = XCBuildConfiguration;
			buildSettings = {
				ASSETCATALOG_COMPILER_APPICON_NAME = AppIcon;
				ASSETCATALOG_COMPILER_GLOBAL_ACCENT_COLOR_NAME = AccentColor;
				CODE_SIGN_STYLE = Automatic;
				CURRENT_PROJECT_VERSION = 1;
				DEVELOPMENT_TEAM = NTRW2Q55W3;
				GENERATE_INFOPLIST_FILE = YES;
				INFOPLIST_FILE = NewsApp/Info.plist;
				INFOPLIST_KEY_UIApplicationSupportsIndirectInputEvents = YES;
				INFOPLIST_KEY_UILaunchStoryboardName = LaunchScreen;
				INFOPLIST_KEY_UIMainStoryboardFile = Main;
				INFOPLIST_KEY_UISupportedInterfaceOrientations_iPad = "UIInterfaceOrientationPortrait UIInterfaceOrientationPortraitUpsideDown UIInterfaceOrientationLandscapeLeft UIInterfaceOrientationLandscapeRight";
				INFOPLIST_KEY_UISupportedInterfaceOrientations_iPhone = "UIInterfaceOrientationPortrait UIInterfaceOrientationLandscapeLeft UIInterfaceOrientationLandscapeRight";
				LD_RUNPATH_SEARCH_PATHS = (
					"$(inherited)",
					"@executable_path/Frameworks",
				);
				MARKETING_VERSION = 1.0;
				PRODUCT_BUNDLE_IDENTIFIER = com.gabrieldcc.NewsApp;
				PRODUCT_NAME = "$(TARGET_NAME)";
				SWIFT_EMIT_LOC_STRINGS = YES;
				SWIFT_VERSION = 5.0;
				TARGETED_DEVICE_FAMILY = "1,2";
			};
			name = Release;
		};
		654037D4289C701100BF3985 /* Debug */ = {
			isa = XCBuildConfiguration;
			buildSettings = {
				ALWAYS_EMBED_SWIFT_STANDARD_LIBRARIES = YES;
				BUNDLE_LOADER = "$(TEST_HOST)";
				CODE_SIGN_STYLE = Automatic;
				CURRENT_PROJECT_VERSION = 1;
				DEVELOPMENT_TEAM = NTRW2Q55W3;
				GENERATE_INFOPLIST_FILE = YES;
				IPHONEOS_DEPLOYMENT_TARGET = 15.4;
				MARKETING_VERSION = 1.0;
				PRODUCT_BUNDLE_IDENTIFIER = com.gabrieldcc.NewsAppTests;
				PRODUCT_NAME = "$(TARGET_NAME)";
				SWIFT_EMIT_LOC_STRINGS = NO;
				SWIFT_VERSION = 5.0;
				TARGETED_DEVICE_FAMILY = "1,2";
				TEST_HOST = "$(BUILT_PRODUCTS_DIR)/NewsApp.app/NewsApp";
			};
			name = Debug;
		};
		654037D5289C701100BF3985 /* Release */ = {
			isa = XCBuildConfiguration;
			buildSettings = {
				ALWAYS_EMBED_SWIFT_STANDARD_LIBRARIES = YES;
				BUNDLE_LOADER = "$(TEST_HOST)";
				CODE_SIGN_STYLE = Automatic;
				CURRENT_PROJECT_VERSION = 1;
				DEVELOPMENT_TEAM = NTRW2Q55W3;
				GENERATE_INFOPLIST_FILE = YES;
				IPHONEOS_DEPLOYMENT_TARGET = 15.4;
				MARKETING_VERSION = 1.0;
				PRODUCT_BUNDLE_IDENTIFIER = com.gabrieldcc.NewsAppTests;
				PRODUCT_NAME = "$(TARGET_NAME)";
				SWIFT_EMIT_LOC_STRINGS = NO;
				SWIFT_VERSION = 5.0;
				TARGETED_DEVICE_FAMILY = "1,2";
				TEST_HOST = "$(BUILT_PRODUCTS_DIR)/NewsApp.app/NewsApp";
			};
			name = Release;
		};
		654037D7289C701100BF3985 /* Debug */ = {
			isa = XCBuildConfiguration;
			buildSettings = {
				ALWAYS_EMBED_SWIFT_STANDARD_LIBRARIES = YES;
				CODE_SIGN_STYLE = Automatic;
				CURRENT_PROJECT_VERSION = 1;
				DEVELOPMENT_TEAM = NTRW2Q55W3;
				GENERATE_INFOPLIST_FILE = YES;
				MARKETING_VERSION = 1.0;
				PRODUCT_BUNDLE_IDENTIFIER = com.gabrieldcc.NewsAppUITests;
				PRODUCT_NAME = "$(TARGET_NAME)";
				SWIFT_EMIT_LOC_STRINGS = NO;
				SWIFT_VERSION = 5.0;
				TARGETED_DEVICE_FAMILY = "1,2";
				TEST_TARGET_NAME = NewsApp;
			};
			name = Debug;
		};
		654037D8289C701100BF3985 /* Release */ = {
			isa = XCBuildConfiguration;
			buildSettings = {
				ALWAYS_EMBED_SWIFT_STANDARD_LIBRARIES = YES;
				CODE_SIGN_STYLE = Automatic;
				CURRENT_PROJECT_VERSION = 1;
				DEVELOPMENT_TEAM = NTRW2Q55W3;
				GENERATE_INFOPLIST_FILE = YES;
				MARKETING_VERSION = 1.0;
				PRODUCT_BUNDLE_IDENTIFIER = com.gabrieldcc.NewsAppUITests;
				PRODUCT_NAME = "$(TARGET_NAME)";
				SWIFT_EMIT_LOC_STRINGS = NO;
				SWIFT_VERSION = 5.0;
				TARGETED_DEVICE_FAMILY = "1,2";
				TEST_TARGET_NAME = NewsApp;
			};
			name = Release;
		};
/* End XCBuildConfiguration section */

/* Begin XCConfigurationList section */
		6540379E289C700E00BF3985 /* Build configuration list for PBXProject "NewsApp" */ = {
			isa = XCConfigurationList;
			buildConfigurations = (
				654037CE289C701100BF3985 /* Debug */,
				654037CF289C701100BF3985 /* Release */,
			);
			defaultConfigurationIsVisible = 0;
			defaultConfigurationName = Release;
		};
		654037D0289C701100BF3985 /* Build configuration list for PBXNativeTarget "NewsApp" */ = {
			isa = XCConfigurationList;
			buildConfigurations = (
				654037D1289C701100BF3985 /* Debug */,
				654037D2289C701100BF3985 /* Release */,
			);
			defaultConfigurationIsVisible = 0;
			defaultConfigurationName = Release;
		};
		654037D3289C701100BF3985 /* Build configuration list for PBXNativeTarget "NewsAppTests" */ = {
			isa = XCConfigurationList;
			buildConfigurations = (
				654037D4289C701100BF3985 /* Debug */,
				654037D5289C701100BF3985 /* Release */,
			);
			defaultConfigurationIsVisible = 0;
			defaultConfigurationName = Release;
		};
		654037D6289C701100BF3985 /* Build configuration list for PBXNativeTarget "NewsAppUITests" */ = {
			isa = XCConfigurationList;
			buildConfigurations = (
				654037D7289C701100BF3985 /* Debug */,
				654037D8289C701100BF3985 /* Release */,
			);
			defaultConfigurationIsVisible = 0;
			defaultConfigurationName = Release;
		};
/* End XCConfigurationList section */

/* Begin XCVersionGroup section */
		654037AF289C700E00BF3985 /* NewsApp.xcdatamodeld */ = {
			isa = XCVersionGroup;
			children = (
				654037B0289C700E00BF3985 /* NewsApp.xcdatamodel */,
			);
			currentVersion = 654037B0289C700E00BF3985 /* NewsApp.xcdatamodel */;
			path = NewsApp.xcdatamodeld;
			sourceTree = "<group>";
			versionGroupType = wrapper.xcdatamodel;
		};
/* End XCVersionGroup section */
	};
	rootObject = 6540379B289C700E00BF3985 /* Project object */;
}
